
Microsoft Visual Studio Solution File, Format Version 12.00
# Visual Studio Version 17
VisualStudioVersion = 17.2.32616.157
MinimumVisualStudioVersion = 10.0.40219.1
Project("{FAE04EC0-301F-11D3-BF4B-00C04F79EFBC}") = "csharp_724", "csharp_724\csharp_724.csproj", "{852846AB-62DE-40C8-9D5C-BFAF7982C73D}"
EndProject
Global
	GlobalSection(SolutionConfigurationPlatforms) = preSolution
		Debug|Any CPU = Debug|Any CPU
		Release|Any CPU = Release|Any CPU
	EndGlobalSection
	GlobalSection(ProjectConfigurationPlatforms) = postSolution
		{852846AB-62DE-40C8-9D5C-BFAF7982C73D}.Debug|Any CPU.ActiveCfg = Debug|Any CPU
		{852846AB-62DE-40C8-9D5C-BFAF7982C73D}.Debug|Any CPU.Build.0 = Debug|Any CPU
		{852846AB-62DE-40C8-9D5C-BFAF7982C73D}.Release|Any CPU.ActiveCfg = Release|Any CPU
		{852846AB-62DE-40C8-9D5C-BFAF7982C73D}.Release|Any CPU.Build.0 = Release|Any CPU
	EndGlobalSection
	GlobalSection(SolutionProperties) = preSolution
		HideSolutionNode = FALSE
	EndGlobalSection
	GlobalSection(ExtensibilityGlobals) = postSolution
		SolutionGuid = {2B2E999B-BF12-4167-8C9F-7E5EF0FEC7B5}
	EndGlobalSection
EndGlobal
